// !$*UTF8*$!
{
	archiveVersion = 1;
	classes = {
	};
	objectVersion = 55;
	objects = {

/* Begin PBXBuildFile section */
		C003D3BB27391E16009C790F /* GoogleSignIn in Frameworks */ = {isa = PBXBuildFile; productRef = C003D3BA27391E16009C790F /* GoogleSignIn */; };
		C003D3C4273BA702009C790F /* AuthViewModel.swift in Sources */ = {isa = PBXBuildFile; fileRef = C003D3C3273BA702009C790F /* AuthViewModel.swift */; };
		C003D3C8273BC8E8009C790F /* GoogleService-Info.plist in Resources */ = {isa = PBXBuildFile; fileRef = C003D3C7273BC8E8009C790F /* GoogleService-Info.plist */; };
		C003D3CA273BE83A009C790F /* ColorSet.xcassets in Resources */ = {isa = PBXBuildFile; fileRef = C003D3C9273BE83A009C790F /* ColorSet.xcassets */; };
		C003D3CC273BEA23009C790F /* ColorExtention.swift in Sources */ = {isa = PBXBuildFile; fileRef = C003D3CB273BEA23009C790F /* ColorExtention.swift */; };
		C048372E273F076B0087AAFC /* UserRepository.swift in Sources */ = {isa = PBXBuildFile; fileRef = C048372D273F076B0087AAFC /* UserRepository.swift */; };
		C0483730273F0E710087AAFC /* UserRepositoryImpl.swift in Sources */ = {isa = PBXBuildFile; fileRef = C048372F273F0E710087AAFC /* UserRepositoryImpl.swift */; };
		C0483732273F0F700087AAFC /* User.swift in Sources */ = {isa = PBXBuildFile; fileRef = C0483731273F0F700087AAFC /* User.swift */; };
		C04837372740429A0087AAFC /* AuthViewModelTests.swift in Sources */ = {isa = PBXBuildFile; fileRef = C04837362740429A0087AAFC /* AuthViewModelTests.swift */; };
		C05DD3662740C1CC0071C163 /* ProfileView.swift in Sources */ = {isa = PBXBuildFile; fileRef = C05DD3652740C1CC0071C163 /* ProfileView.swift */; };
		C05DD3682740CA140071C163 /* Account.swift in Sources */ = {isa = PBXBuildFile; fileRef = C05DD3672740CA140071C163 /* Account.swift */; };
		C05DD36A274157700071C163 /* ProfileViewModel.swift in Sources */ = {isa = PBXBuildFile; fileRef = C05DD369274157700071C163 /* ProfileViewModel.swift */; };
		C07CCA77273D948700C32FE9 /* AuthUseCase.swift in Sources */ = {isa = PBXBuildFile; fileRef = C07CCA76273D948700C32FE9 /* AuthUseCase.swift */; };
		C07CCA79273D9FEE00C32FE9 /* AuthUseCaseImpl.swift in Sources */ = {isa = PBXBuildFile; fileRef = C07CCA78273D9FEE00C32FE9 /* AuthUseCaseImpl.swift */; };
		C07CCA7B273DAE3D00C32FE9 /* AuthError.swift in Sources */ = {isa = PBXBuildFile; fileRef = C07CCA7A273DAE3D00C32FE9 /* AuthError.swift */; };
		C0FE76D227386D61000E4566 /* SpotsApp.swift in Sources */ = {isa = PBXBuildFile; fileRef = C0FE76D127386D61000E4566 /* SpotsApp.swift */; };
		C0FE76D427386D61000E4566 /* ContentView.swift in Sources */ = {isa = PBXBuildFile; fileRef = C0FE76D327386D61000E4566 /* ContentView.swift */; };
		C0FE76D627386D63000E4566 /* Assets.xcassets in Resources */ = {isa = PBXBuildFile; fileRef = C0FE76D527386D63000E4566 /* Assets.xcassets */; };
		C0FE76D927386D63000E4566 /* Preview Assets.xcassets in Resources */ = {isa = PBXBuildFile; fileRef = C0FE76D827386D63000E4566 /* Preview Assets.xcassets */; };
		C0FE76E327386D63000E4566 /* SpotsTests.swift in Sources */ = {isa = PBXBuildFile; fileRef = C0FE76E227386D63000E4566 /* SpotsTests.swift */; };
		C0FE76ED27386D63000E4566 /* SpotsUITests.swift in Sources */ = {isa = PBXBuildFile; fileRef = C0FE76EC27386D63000E4566 /* SpotsUITests.swift */; };
		C0FE76EF27386D63000E4566 /* SpotsUITestsLaunchTests.swift in Sources */ = {isa = PBXBuildFile; fileRef = C0FE76EE27386D63000E4566 /* SpotsUITestsLaunchTests.swift */; };
		C0FE76FF2738CAE3000E4566 /* FirebaseAnalytics in Frameworks */ = {isa = PBXBuildFile; productRef = C0FE76FE2738CAE3000E4566 /* FirebaseAnalytics */; };
		C0FE77012738CAE3000E4566 /* FirebaseAnalyticsSwift-Beta in Frameworks */ = {isa = PBXBuildFile; productRef = C0FE77002738CAE3000E4566 /* FirebaseAnalyticsSwift-Beta */; };
		C0FE77032738CAE3000E4566 /* FirebaseAuth in Frameworks */ = {isa = PBXBuildFile; productRef = C0FE77022738CAE3000E4566 /* FirebaseAuth */; };
		C0FE77052738CAE3000E4566 /* FirebaseFirestore in Frameworks */ = {isa = PBXBuildFile; productRef = C0FE77042738CAE3000E4566 /* FirebaseFirestore */; };
		C0FE77072738CAE3000E4566 /* FirebaseFirestoreSwift-Beta in Frameworks */ = {isa = PBXBuildFile; productRef = C0FE77062738CAE3000E4566 /* FirebaseFirestoreSwift-Beta */; };
		C0FE77092738CAE3000E4566 /* FirebaseFunctions in Frameworks */ = {isa = PBXBuildFile; productRef = C0FE77082738CAE3000E4566 /* FirebaseFunctions */; };
		C0FE770B2738CAE3000E4566 /* FirebaseStorage in Frameworks */ = {isa = PBXBuildFile; productRef = C0FE770A2738CAE3000E4566 /* FirebaseStorage */; };
		C0FE770D2738CAE3000E4566 /* FirebaseStorageSwift-Beta in Frameworks */ = {isa = PBXBuildFile; productRef = C0FE770C2738CAE3000E4566 /* FirebaseStorageSwift-Beta */; };
		C0FE77112739144D000E4566 /* LoginView.swift in Sources */ = {isa = PBXBuildFile; fileRef = C0FE77102739144D000E4566 /* LoginView.swift */; };
/* End PBXBuildFile section */

/* Begin PBXContainerItemProxy section */
		C0FE76DF27386D63000E4566 /* PBXContainerItemProxy */ = {
			isa = PBXContainerItemProxy;
			containerPortal = C0FE76C627386D61000E4566 /* Project object */;
			proxyType = 1;
			remoteGlobalIDString = C0FE76CD27386D61000E4566;
			remoteInfo = Spots;
		};
		C0FE76E927386D63000E4566 /* PBXContainerItemProxy */ = {
			isa = PBXContainerItemProxy;
			containerPortal = C0FE76C627386D61000E4566 /* Project object */;
			proxyType = 1;
			remoteGlobalIDString = C0FE76CD27386D61000E4566;
			remoteInfo = Spots;
		};
/* End PBXContainerItemProxy section */

/* Begin PBXFileReference section */
		C003D3BC27391E36009C790F /* Info.plist */ = {isa = PBXFileReference; lastKnownFileType = text.plist; path = Info.plist; sourceTree = "<group>"; };
		C003D3C3273BA702009C790F /* AuthViewModel.swift */ = {isa = PBXFileReference; lastKnownFileType = sourcecode.swift; path = AuthViewModel.swift; sourceTree = "<group>"; };
		C003D3C7273BC8E8009C790F /* GoogleService-Info.plist */ = {isa = PBXFileReference; fileEncoding = 4; lastKnownFileType = text.plist.xml; name = "GoogleService-Info.plist"; path = "../../../Downloads/GoogleService-Info.plist"; sourceTree = "<group>"; };
		C003D3C9273BE83A009C790F /* ColorSet.xcassets */ = {isa = PBXFileReference; lastKnownFileType = folder.assetcatalog; path = ColorSet.xcassets; sourceTree = "<group>"; };
		C003D3CB273BEA23009C790F /* ColorExtention.swift */ = {isa = PBXFileReference; lastKnownFileType = sourcecode.swift; path = ColorExtention.swift; sourceTree = "<group>"; };
		C048372D273F076B0087AAFC /* UserRepository.swift */ = {isa = PBXFileReference; lastKnownFileType = sourcecode.swift; path = UserRepository.swift; sourceTree = "<group>"; };
		C048372F273F0E710087AAFC /* UserRepositoryImpl.swift */ = {isa = PBXFileReference; lastKnownFileType = sourcecode.swift; path = UserRepositoryImpl.swift; sourceTree = "<group>"; };
		C0483731273F0F700087AAFC /* User.swift */ = {isa = PBXFileReference; lastKnownFileType = sourcecode.swift; path = User.swift; sourceTree = "<group>"; };
		C04837362740429A0087AAFC /* AuthViewModelTests.swift */ = {isa = PBXFileReference; lastKnownFileType = sourcecode.swift; path = AuthViewModelTests.swift; sourceTree = "<group>"; };
		C05DD3652740C1CC0071C163 /* ProfileView.swift */ = {isa = PBXFileReference; lastKnownFileType = sourcecode.swift; path = ProfileView.swift; sourceTree = "<group>"; };
		C05DD3672740CA140071C163 /* Account.swift */ = {isa = PBXFileReference; lastKnownFileType = sourcecode.swift; path = Account.swift; sourceTree = "<group>"; };
		C05DD369274157700071C163 /* ProfileViewModel.swift */ = {isa = PBXFileReference; lastKnownFileType = sourcecode.swift; path = ProfileViewModel.swift; sourceTree = "<group>"; };
		C07CCA76273D948700C32FE9 /* AuthUseCase.swift */ = {isa = PBXFileReference; lastKnownFileType = sourcecode.swift; path = AuthUseCase.swift; sourceTree = "<group>"; };
		C07CCA78273D9FEE00C32FE9 /* AuthUseCaseImpl.swift */ = {isa = PBXFileReference; lastKnownFileType = sourcecode.swift; path = AuthUseCaseImpl.swift; sourceTree = "<group>"; };
		C07CCA7A273DAE3D00C32FE9 /* AuthError.swift */ = {isa = PBXFileReference; lastKnownFileType = sourcecode.swift; path = AuthError.swift; sourceTree = "<group>"; };
		C0FE76CE27386D61000E4566 /* Spots.app */ = {isa = PBXFileReference; explicitFileType = wrapper.application; includeInIndex = 0; path = Spots.app; sourceTree = BUILT_PRODUCTS_DIR; };
		C0FE76D127386D61000E4566 /* SpotsApp.swift */ = {isa = PBXFileReference; lastKnownFileType = sourcecode.swift; path = SpotsApp.swift; sourceTree = "<group>"; };
		C0FE76D327386D61000E4566 /* ContentView.swift */ = {isa = PBXFileReference; lastKnownFileType = sourcecode.swift; path = ContentView.swift; sourceTree = "<group>"; };
		C0FE76D527386D63000E4566 /* Assets.xcassets */ = {isa = PBXFileReference; lastKnownFileType = folder.assetcatalog; path = Assets.xcassets; sourceTree = "<group>"; };
		C0FE76D827386D63000E4566 /* Preview Assets.xcassets */ = {isa = PBXFileReference; lastKnownFileType = folder.assetcatalog; path = "Preview Assets.xcassets"; sourceTree = "<group>"; };
		C0FE76DE27386D63000E4566 /* SpotsTests.xctest */ = {isa = PBXFileReference; explicitFileType = wrapper.cfbundle; includeInIndex = 0; path = SpotsTests.xctest; sourceTree = BUILT_PRODUCTS_DIR; };
		C0FE76E227386D63000E4566 /* SpotsTests.swift */ = {isa = PBXFileReference; lastKnownFileType = sourcecode.swift; path = SpotsTests.swift; sourceTree = "<group>"; };
		C0FE76E827386D63000E4566 /* SpotsUITests.xctest */ = {isa = PBXFileReference; explicitFileType = wrapper.cfbundle; includeInIndex = 0; path = SpotsUITests.xctest; sourceTree = BUILT_PRODUCTS_DIR; };
		C0FE76EC27386D63000E4566 /* SpotsUITests.swift */ = {isa = PBXFileReference; lastKnownFileType = sourcecode.swift; path = SpotsUITests.swift; sourceTree = "<group>"; };
		C0FE76EE27386D63000E4566 /* SpotsUITestsLaunchTests.swift */ = {isa = PBXFileReference; lastKnownFileType = sourcecode.swift; path = SpotsUITestsLaunchTests.swift; sourceTree = "<group>"; };
		C0FE77102739144D000E4566 /* LoginView.swift */ = {isa = PBXFileReference; lastKnownFileType = sourcecode.swift; path = LoginView.swift; sourceTree = "<group>"; };
/* End PBXFileReference section */

/* Begin PBXFrameworksBuildPhase section */
		C0FE76CB27386D61000E4566 /* Frameworks */ = {
			isa = PBXFrameworksBuildPhase;
			buildActionMask = 2147483647;
			files = (
				C0FE77012738CAE3000E4566 /* FirebaseAnalyticsSwift-Beta in Frameworks */,
				C0FE77052738CAE3000E4566 /* FirebaseFirestore in Frameworks */,
				C0FE77072738CAE3000E4566 /* FirebaseFirestoreSwift-Beta in Frameworks */,
				C0FE77092738CAE3000E4566 /* FirebaseFunctions in Frameworks */,
				C0FE770B2738CAE3000E4566 /* FirebaseStorage in Frameworks */,
				C0FE770D2738CAE3000E4566 /* FirebaseStorageSwift-Beta in Frameworks */,
				C0FE77032738CAE3000E4566 /* FirebaseAuth in Frameworks */,
				C0FE76FF2738CAE3000E4566 /* FirebaseAnalytics in Frameworks */,
				C003D3BB27391E16009C790F /* GoogleSignIn in Frameworks */,
			);
			runOnlyForDeploymentPostprocessing = 0;
		};
		C0FE76DB27386D63000E4566 /* Frameworks */ = {
			isa = PBXFrameworksBuildPhase;
			buildActionMask = 2147483647;
			files = (
			);
			runOnlyForDeploymentPostprocessing = 0;
		};
		C0FE76E527386D63000E4566 /* Frameworks */ = {
			isa = PBXFrameworksBuildPhase;
			buildActionMask = 2147483647;
			files = (
			);
			runOnlyForDeploymentPostprocessing = 0;
		};
/* End PBXFrameworksBuildPhase section */

/* Begin PBXGroup section */
		C04837352740427E0087AAFC /* ViewModel */ = {
			isa = PBXGroup;
			children = (
				C04837362740429A0087AAFC /* AuthViewModelTests.swift */,
			);
			path = ViewModel;
			sourceTree = "<group>";
		};
		C07CCA6C273BF43C00C32FE9 /* ViewModel */ = {
			isa = PBXGroup;
			children = (
				C003D3C3273BA702009C790F /* AuthViewModel.swift */,
				C05DD369274157700071C163 /* ProfileViewModel.swift */,
			);
			path = ViewModel;
			sourceTree = "<group>";
		};
		C07CCA6D273BF45200C32FE9 /* View */ = {
			isa = PBXGroup;
			children = (
				C0FE76D327386D61000E4566 /* ContentView.swift */,
				C0FE77102739144D000E4566 /* LoginView.swift */,
				C05DD3652740C1CC0071C163 /* ProfileView.swift */,
			);
			path = View;
			sourceTree = "<group>";
		};
		C07CCA71273D88A800C32FE9 /* Repository */ = {
			isa = PBXGroup;
			children = (
				C048372D273F076B0087AAFC /* UserRepository.swift */,
				C048372F273F0E710087AAFC /* UserRepositoryImpl.swift */,
			);
			path = Repository;
			sourceTree = "<group>";
		};
		C07CCA74273D93CC00C32FE9 /* Model */ = {
			isa = PBXGroup;
			children = (
				C07CCA7A273DAE3D00C32FE9 /* AuthError.swift */,
				C0483731273F0F700087AAFC /* User.swift */,
				C05DD3672740CA140071C163 /* Account.swift */,
			);
			path = Model;
			sourceTree = "<group>";
		};
		C07CCA75273D941300C32FE9 /* UseCase */ = {
			isa = PBXGroup;
			children = (
				C07CCA76273D948700C32FE9 /* AuthUseCase.swift */,
				C07CCA78273D9FEE00C32FE9 /* AuthUseCaseImpl.swift */,
			);
			path = UseCase;
			sourceTree = "<group>";
		};
		C0FE76C527386D61000E4566 = {
			isa = PBXGroup;
			children = (
				C0FE76D027386D61000E4566 /* Spots */,
				C0FE76E127386D63000E4566 /* SpotsTests */,
				C0FE76EB27386D63000E4566 /* SpotsUITests */,
				C0FE76CF27386D61000E4566 /* Products */,
			);
			sourceTree = "<group>";
		};
		C0FE76CF27386D61000E4566 /* Products */ = {
			isa = PBXGroup;
			children = (
				C0FE76CE27386D61000E4566 /* Spots.app */,
				C0FE76DE27386D63000E4566 /* SpotsTests.xctest */,
				C0FE76E827386D63000E4566 /* SpotsUITests.xctest */,
			);
			name = Products;
			sourceTree = "<group>";
		};
		C0FE76D027386D61000E4566 /* Spots */ = {
			isa = PBXGroup;
			children = (
				C07CCA71273D88A800C32FE9 /* Repository */,
				C07CCA75273D941300C32FE9 /* UseCase */,
				C07CCA74273D93CC00C32FE9 /* Model */,
				C07CCA6D273BF45200C32FE9 /* View */,
				C07CCA6C273BF43C00C32FE9 /* ViewModel */,
				C0FE76D127386D61000E4566 /* SpotsApp.swift */,
				C003D3CB273BEA23009C790F /* ColorExtention.swift */,
				C0FE76D527386D63000E4566 /* Assets.xcassets */,
				C003D3C9273BE83A009C790F /* ColorSet.xcassets */,
				C0FE76D727386D63000E4566 /* Preview Content */,
				C003D3BC27391E36009C790F /* Info.plist */,
				C003D3C7273BC8E8009C790F /* GoogleService-Info.plist */,
			);
			path = Spots;
			sourceTree = "<group>";
		};
		C0FE76D727386D63000E4566 /* Preview Content */ = {
			isa = PBXGroup;
			children = (
				C0FE76D827386D63000E4566 /* Preview Assets.xcassets */,
			);
			path = "Preview Content";
			sourceTree = "<group>";
		};
		C0FE76E127386D63000E4566 /* SpotsTests */ = {
			isa = PBXGroup;
			children = (
				C04837352740427E0087AAFC /* ViewModel */,
				C0FE76E227386D63000E4566 /* SpotsTests.swift */,
			);
			path = SpotsTests;
			sourceTree = "<group>";
		};
		C0FE76EB27386D63000E4566 /* SpotsUITests */ = {
			isa = PBXGroup;
			children = (
				C0FE76EC27386D63000E4566 /* SpotsUITests.swift */,
				C0FE76EE27386D63000E4566 /* SpotsUITestsLaunchTests.swift */,
			);
			path = SpotsUITests;
			sourceTree = "<group>";
		};
/* End PBXGroup section */

/* Begin PBXNativeTarget section */
		C0FE76CD27386D61000E4566 /* Spots */ = {
			isa = PBXNativeTarget;
			buildConfigurationList = C0FE76F227386D63000E4566 /* Build configuration list for PBXNativeTarget "Spots" */;
			buildPhases = (
				C0FE76CA27386D61000E4566 /* Sources */,
				C0FE76CB27386D61000E4566 /* Frameworks */,
				C0FE76CC27386D61000E4566 /* Resources */,
			);
			buildRules = (
			);
			dependencies = (
			);
			name = Spots;
			packageProductDependencies = (
				C0FE76FE2738CAE3000E4566 /* FirebaseAnalytics */,
				C0FE77002738CAE3000E4566 /* FirebaseAnalyticsSwift-Beta */,
				C0FE77022738CAE3000E4566 /* FirebaseAuth */,
				C0FE77042738CAE3000E4566 /* FirebaseFirestore */,
				C0FE77062738CAE3000E4566 /* FirebaseFirestoreSwift-Beta */,
				C0FE77082738CAE3000E4566 /* FirebaseFunctions */,
				C0FE770A2738CAE3000E4566 /* FirebaseStorage */,
				C0FE770C2738CAE3000E4566 /* FirebaseStorageSwift-Beta */,
				C003D3BA27391E16009C790F /* GoogleSignIn */,
			);
			productName = Spots;
			productReference = C0FE76CE27386D61000E4566 /* Spots.app */;
			productType = "com.apple.product-type.application";
		};
		C0FE76DD27386D63000E4566 /* SpotsTests */ = {
			isa = PBXNativeTarget;
			buildConfigurationList = C0FE76F527386D63000E4566 /* Build configuration list for PBXNativeTarget "SpotsTests" */;
			buildPhases = (
				C0FE76DA27386D63000E4566 /* Sources */,
				C0FE76DB27386D63000E4566 /* Frameworks */,
				C0FE76DC27386D63000E4566 /* Resources */,
			);
			buildRules = (
			);
			dependencies = (
				C0FE76E027386D63000E4566 /* PBXTargetDependency */,
			);
			name = SpotsTests;
			productName = SpotsTests;
			productReference = C0FE76DE27386D63000E4566 /* SpotsTests.xctest */;
			productType = "com.apple.product-type.bundle.unit-test";
		};
		C0FE76E727386D63000E4566 /* SpotsUITests */ = {
			isa = PBXNativeTarget;
			buildConfigurationList = C0FE76F827386D63000E4566 /* Build configuration list for PBXNativeTarget "SpotsUITests" */;
			buildPhases = (
				C0FE76E427386D63000E4566 /* Sources */,
				C0FE76E527386D63000E4566 /* Frameworks */,
				C0FE76E627386D63000E4566 /* Resources */,
			);
			buildRules = (
			);
			dependencies = (
				C0FE76EA27386D63000E4566 /* PBXTargetDependency */,
			);
			name = SpotsUITests;
			productName = SpotsUITests;
			productReference = C0FE76E827386D63000E4566 /* SpotsUITests.xctest */;
			productType = "com.apple.product-type.bundle.ui-testing";
		};
/* End PBXNativeTarget section */

/* Begin PBXProject section */
		C0FE76C627386D61000E4566 /* Project object */ = {
			isa = PBXProject;
			attributes = {
				BuildIndependentTargetsInParallel = 1;
				LastSwiftUpdateCheck = 1310;
				LastUpgradeCheck = 1310;
				TargetAttributes = {
					C0FE76CD27386D61000E4566 = {
						CreatedOnToolsVersion = 13.1;
					};
					C0FE76DD27386D63000E4566 = {
						CreatedOnToolsVersion = 13.1;
						TestTargetID = C0FE76CD27386D61000E4566;
					};
					C0FE76E727386D63000E4566 = {
						CreatedOnToolsVersion = 13.1;
						TestTargetID = C0FE76CD27386D61000E4566;
					};
				};
			};
			buildConfigurationList = C0FE76C927386D61000E4566 /* Build configuration list for PBXProject "Spots" */;
			compatibilityVersion = "Xcode 13.0";
			developmentRegion = en;
			hasScannedForEncodings = 0;
			knownRegions = (
				en,
				Base,
			);
			mainGroup = C0FE76C527386D61000E4566;
			packageReferences = (
				C0FE76FD2738CAE3000E4566 /* XCRemoteSwiftPackageReference "firebase-ios-sdk" */,
				C003D3B927391E16009C790F /* XCRemoteSwiftPackageReference "GoogleSignIn-iOS" */,
			);
			productRefGroup = C0FE76CF27386D61000E4566 /* Products */;
			projectDirPath = "";
			projectRoot = "";
			targets = (
				C0FE76CD27386D61000E4566 /* Spots */,
				C0FE76DD27386D63000E4566 /* SpotsTests */,
				C0FE76E727386D63000E4566 /* SpotsUITests */,
			);
		};
/* End PBXProject section */

/* Begin PBXResourcesBuildPhase section */
		C0FE76CC27386D61000E4566 /* Resources */ = {
			isa = PBXResourcesBuildPhase;
			buildActionMask = 2147483647;
			files = (
				C003D3CA273BE83A009C790F /* ColorSet.xcassets in Resources */,
				C0FE76D927386D63000E4566 /* Preview Assets.xcassets in Resources */,
				C0FE76D627386D63000E4566 /* Assets.xcassets in Resources */,
				C003D3C8273BC8E8009C790F /* GoogleService-Info.plist in Resources */,
			);
			runOnlyForDeploymentPostprocessing = 0;
		};
		C0FE76DC27386D63000E4566 /* Resources */ = {
			isa = PBXResourcesBuildPhase;
			buildActionMask = 2147483647;
			files = (
			);
			runOnlyForDeploymentPostprocessing = 0;
		};
		C0FE76E627386D63000E4566 /* Resources */ = {
			isa = PBXResourcesBuildPhase;
			buildActionMask = 2147483647;
			files = (
			);
			runOnlyForDeploymentPostprocessing = 0;
		};
/* End PBXResourcesBuildPhase section */

/* Begin PBXSourcesBuildPhase section */
		C0FE76CA27386D61000E4566 /* Sources */ = {
			isa = PBXSourcesBuildPhase;
			buildActionMask = 2147483647;
			files = (
				C003D3C4273BA702009C790F /* AuthViewModel.swift in Sources */,
				C05DD3682740CA140071C163 /* Account.swift in Sources */,
				C07CCA77273D948700C32FE9 /* AuthUseCase.swift in Sources */,
				C048372E273F076B0087AAFC /* UserRepository.swift in Sources */,
				C0FE76D427386D61000E4566 /* ContentView.swift in Sources */,
				C05DD3662740C1CC0071C163 /* ProfileView.swift in Sources */,
				C05DD36A274157700071C163 /* ProfileViewModel.swift in Sources */,
				C0FE76D227386D61000E4566 /* SpotsApp.swift in Sources */,
				C07CCA7B273DAE3D00C32FE9 /* AuthError.swift in Sources */,
				C0483730273F0E710087AAFC /* UserRepositoryImpl.swift in Sources */,
				C07CCA79273D9FEE00C32FE9 /* AuthUseCaseImpl.swift in Sources */,
				C0FE77112739144D000E4566 /* LoginView.swift in Sources */,
				C003D3CC273BEA23009C790F /* ColorExtention.swift in Sources */,
				C0483732273F0F700087AAFC /* User.swift in Sources */,
			);
			runOnlyForDeploymentPostprocessing = 0;
		};
		C0FE76DA27386D63000E4566 /* Sources */ = {
			isa = PBXSourcesBuildPhase;
			buildActionMask = 2147483647;
			files = (
				C04837372740429A0087AAFC /* AuthViewModelTests.swift in Sources */,
				C0FE76E327386D63000E4566 /* SpotsTests.swift in Sources */,
			);
			runOnlyForDeploymentPostprocessing = 0;
		};
		C0FE76E427386D63000E4566 /* Sources */ = {
			isa = PBXSourcesBuildPhase;
			buildActionMask = 2147483647;
			files = (
				C0FE76EF27386D63000E4566 /* SpotsUITestsLaunchTests.swift in Sources */,
				C0FE76ED27386D63000E4566 /* SpotsUITests.swift in Sources */,
			);
			runOnlyForDeploymentPostprocessing = 0;
		};
/* End PBXSourcesBuildPhase section */

/* Begin PBXTargetDependency section */
		C0FE76E027386D63000E4566 /* PBXTargetDependency */ = {
			isa = PBXTargetDependency;
			target = C0FE76CD27386D61000E4566 /* Spots */;
			targetProxy = C0FE76DF27386D63000E4566 /* PBXContainerItemProxy */;
		};
		C0FE76EA27386D63000E4566 /* PBXTargetDependency */ = {
			isa = PBXTargetDependency;
			target = C0FE76CD27386D61000E4566 /* Spots */;
			targetProxy = C0FE76E927386D63000E4566 /* PBXContainerItemProxy */;
		};
/* End PBXTargetDependency section */

/* Begin XCBuildConfiguration section */
		C0FE76F027386D63000E4566 /* Debug */ = {
			isa = XCBuildConfiguration;
			buildSettings = {
				ALWAYS_SEARCH_USER_PATHS = NO;
				CLANG_ANALYZER_NONNULL = YES;
				CLANG_ANALYZER_NUMBER_OBJECT_CONVERSION = YES_AGGRESSIVE;
				CLANG_CXX_LANGUAGE_STANDARD = "gnu++17";
				CLANG_CXX_LIBRARY = "libc++";
				CLANG_ENABLE_MODULES = YES;
				CLANG_ENABLE_OBJC_ARC = YES;
				CLANG_ENABLE_OBJC_WEAK = YES;
				CLANG_WARN_BLOCK_CAPTURE_AUTORELEASING = YES;
				CLANG_WARN_BOOL_CONVERSION = YES;
				CLANG_WARN_COMMA = YES;
				CLANG_WARN_CONSTANT_CONVERSION = YES;
				CLANG_WARN_DEPRECATED_OBJC_IMPLEMENTATIONS = YES;
				CLANG_WARN_DIRECT_OBJC_ISA_USAGE = YES_ERROR;
				CLANG_WARN_DOCUMENTATION_COMMENTS = YES;
				CLANG_WARN_EMPTY_BODY = YES;
				CLANG_WARN_ENUM_CONVERSION = YES;
				CLANG_WARN_INFINITE_RECURSION = YES;
				CLANG_WARN_INT_CONVERSION = YES;
				CLANG_WARN_NON_LITERAL_NULL_CONVERSION = YES;
				CLANG_WARN_OBJC_IMPLICIT_RETAIN_SELF = YES;
				CLANG_WARN_OBJC_LITERAL_CONVERSION = YES;
				CLANG_WARN_OBJC_ROOT_CLASS = YES_ERROR;
				CLANG_WARN_QUOTED_INCLUDE_IN_FRAMEWORK_HEADER = YES;
				CLANG_WARN_RANGE_LOOP_ANALYSIS = YES;
				CLANG_WARN_STRICT_PROTOTYPES = YES;
				CLANG_WARN_SUSPICIOUS_MOVE = YES;
				CLANG_WARN_UNGUARDED_AVAILABILITY = YES_AGGRESSIVE;
				CLANG_WARN_UNREACHABLE_CODE = YES;
				CLANG_WARN__DUPLICATE_METHOD_MATCH = YES;
				COPY_PHASE_STRIP = NO;
				DEBUG_INFORMATION_FORMAT = dwarf;
				ENABLE_STRICT_OBJC_MSGSEND = YES;
				ENABLE_TESTABILITY = YES;
				GCC_C_LANGUAGE_STANDARD = gnu11;
				GCC_DYNAMIC_NO_PIC = NO;
				GCC_NO_COMMON_BLOCKS = YES;
				GCC_OPTIMIZATION_LEVEL = 0;
				GCC_PREPROCESSOR_DEFINITIONS = (
					"DEBUG=1",
					"$(inherited)",
				);
				GCC_WARN_64_TO_32_BIT_CONVERSION = YES;
				GCC_WARN_ABOUT_RETURN_TYPE = YES_ERROR;
				GCC_WARN_UNDECLARED_SELECTOR = YES;
				GCC_WARN_UNINITIALIZED_AUTOS = YES_AGGRESSIVE;
				GCC_WARN_UNUSED_FUNCTION = YES;
				GCC_WARN_UNUSED_VARIABLE = YES;
				IPHONEOS_DEPLOYMENT_TARGET = 15.0;
				MTL_ENABLE_DEBUG_INFO = INCLUDE_SOURCE;
				MTL_FAST_MATH = YES;
				ONLY_ACTIVE_ARCH = YES;
				SDKROOT = iphoneos;
				SWIFT_ACTIVE_COMPILATION_CONDITIONS = DEBUG;
				SWIFT_OPTIMIZATION_LEVEL = "-Onone";
			};
			name = Debug;
		};
		C0FE76F127386D63000E4566 /* Release */ = {
			isa = XCBuildConfiguration;
			buildSettings = {
				ALWAYS_SEARCH_USER_PATHS = NO;
				CLANG_ANALYZER_NONNULL = YES;
				CLANG_ANALYZER_NUMBER_OBJECT_CONVERSION = YES_AGGRESSIVE;
				CLANG_CXX_LANGUAGE_STANDARD = "gnu++17";
				CLANG_CXX_LIBRARY = "libc++";
				CLANG_ENABLE_MODULES = YES;
				CLANG_ENABLE_OBJC_ARC = YES;
				CLANG_ENABLE_OBJC_WEAK = YES;
				CLANG_WARN_BLOCK_CAPTURE_AUTORELEASING = YES;
				CLANG_WARN_BOOL_CONVERSION = YES;
				CLANG_WARN_COMMA = YES;
				CLANG_WARN_CONSTANT_CONVERSION = YES;
				CLANG_WARN_DEPRECATED_OBJC_IMPLEMENTATIONS = YES;
				CLANG_WARN_DIRECT_OBJC_ISA_USAGE = YES_ERROR;
				CLANG_WARN_DOCUMENTATION_COMMENTS = YES;
				CLANG_WARN_EMPTY_BODY = YES;
				CLANG_WARN_ENUM_CONVERSION = YES;
				CLANG_WARN_INFINITE_RECURSION = YES;
				CLANG_WARN_INT_CONVERSION = YES;
				CLANG_WARN_NON_LITERAL_NULL_CONVERSION = YES;
				CLANG_WARN_OBJC_IMPLICIT_RETAIN_SELF = YES;
				CLANG_WARN_OBJC_LITERAL_CONVERSION = YES;
				CLANG_WARN_OBJC_ROOT_CLASS = YES_ERROR;
				CLANG_WARN_QUOTED_INCLUDE_IN_FRAMEWORK_HEADER = YES;
				CLANG_WARN_RANGE_LOOP_ANALYSIS = YES;
				CLANG_WARN_STRICT_PROTOTYPES = YES;
				CLANG_WARN_SUSPICIOUS_MOVE = YES;
				CLANG_WARN_UNGUARDED_AVAILABILITY = YES_AGGRESSIVE;
				CLANG_WARN_UNREACHABLE_CODE = YES;
				CLANG_WARN__DUPLICATE_METHOD_MATCH = YES;
				COPY_PHASE_STRIP = NO;
				DEBUG_INFORMATION_FORMAT = "dwarf-with-dsym";
				ENABLE_NS_ASSERTIONS = NO;
				ENABLE_STRICT_OBJC_MSGSEND = YES;
				GCC_C_LANGUAGE_STANDARD = gnu11;
				GCC_NO_COMMON_BLOCKS = YES;
				GCC_WARN_64_TO_32_BIT_CONVERSION = YES;
				GCC_WARN_ABOUT_RETURN_TYPE = YES_ERROR;
				GCC_WARN_UNDECLARED_SELECTOR = YES;
				GCC_WARN_UNINITIALIZED_AUTOS = YES_AGGRESSIVE;
				GCC_WARN_UNUSED_FUNCTION = YES;
				GCC_WARN_UNUSED_VARIABLE = YES;
				IPHONEOS_DEPLOYMENT_TARGET = 15.0;
				MTL_ENABLE_DEBUG_INFO = NO;
				MTL_FAST_MATH = YES;
				SDKROOT = iphoneos;
				SWIFT_COMPILATION_MODE = wholemodule;
				SWIFT_OPTIMIZATION_LEVEL = "-O";
				VALIDATE_PRODUCT = YES;
			};
			name = Release;
		};
		C0FE76F327386D63000E4566 /* Debug */ = {
			isa = XCBuildConfiguration;
			buildSettings = {
				ASSETCATALOG_COMPILER_APPICON_NAME = AppIcon;
				ASSETCATALOG_COMPILER_GLOBAL_ACCENT_COLOR_NAME = AccentColor;
				CODE_SIGN_IDENTITY = "Apple Development";
				CODE_SIGN_STYLE = Automatic;
				CURRENT_PROJECT_VERSION = 1;
				DEVELOPMENT_ASSET_PATHS = "\"Spots/Preview Content\"";
				DEVELOPMENT_TEAM = G4WY3C4456;
				ENABLE_PREVIEWS = YES;
				GENERATE_INFOPLIST_FILE = YES;
				INFOPLIST_FILE = Spots/Info.plist;
				INFOPLIST_KEY_UIApplicationSceneManifest_Generation = YES;
				INFOPLIST_KEY_UIApplicationSupportsIndirectInputEvents = YES;
				INFOPLIST_KEY_UILaunchScreen_Generation = YES;
				INFOPLIST_KEY_UISupportedInterfaceOrientations_iPad = "UIInterfaceOrientationPortrait UIInterfaceOrientationPortraitUpsideDown UIInterfaceOrientationLandscapeLeft UIInterfaceOrientationLandscapeRight";
				INFOPLIST_KEY_UISupportedInterfaceOrientations_iPhone = "UIInterfaceOrientationPortrait UIInterfaceOrientationLandscapeLeft UIInterfaceOrientationLandscapeRight";
				LD_RUNPATH_SEARCH_PATHS = (
					"$(inherited)",
					"@executable_path/Frameworks",
				);
				MARKETING_VERSION = 1.0;
				OTHER_LDFLAGS = "-ObjC";
				PRODUCT_BUNDLE_IDENTIFIER = com.d.Spots;
				PRODUCT_NAME = "$(TARGET_NAME)";
				PROVISIONING_PROFILE_SPECIFIER = "";
				SWIFT_EMIT_LOC_STRINGS = YES;
				SWIFT_VERSION = 5.0;
				TARGETED_DEVICE_FAMILY = "1,2";
			};
			name = Debug;
		};
		C0FE76F427386D63000E4566 /* Release */ = {
			isa = XCBuildConfiguration;
			buildSettings = {
				ASSETCATALOG_COMPILER_APPICON_NAME = AppIcon;
				ASSETCATALOG_COMPILER_GLOBAL_ACCENT_COLOR_NAME = AccentColor;
				CODE_SIGN_IDENTITY = "Apple Development";
				CODE_SIGN_STYLE = Automatic;
				CURRENT_PROJECT_VERSION = 1;
				DEVELOPMENT_ASSET_PATHS = "\"Spots/Preview Content\"";
				DEVELOPMENT_TEAM = G4WY3C4456;
				ENABLE_PREVIEWS = YES;
				GENERATE_INFOPLIST_FILE = YES;
				INFOPLIST_FILE = Spots/Info.plist;
				INFOPLIST_KEY_UIApplicationSceneManifest_Generation = YES;
				INFOPLIST_KEY_UIApplicationSupportsIndirectInputEvents = YES;
				INFOPLIST_KEY_UILaunchScreen_Generation = YES;
				INFOPLIST_KEY_UISupportedInterfaceOrientations_iPad = "UIInterfaceOrientationPortrait UIInterfaceOrientationPortraitUpsideDown UIInterfaceOrientationLandscapeLeft UIInterfaceOrientationLandscapeRight";
				INFOPLIST_KEY_UISupportedInterfaceOrientations_iPhone = "UIInterfaceOrientationPortrait UIInterfaceOrientationLandscapeLeft UIInterfaceOrientationLandscapeRight";
				LD_RUNPATH_SEARCH_PATHS = (
					"$(inherited)",
					"@executable_path/Frameworks",
				);
				MARKETING_VERSION = 1.0;
				"OTHER_LDFLAGS[arch=*]" = "";
				PRODUCT_BUNDLE_IDENTIFIER = com.d.Spots;
				PRODUCT_NAME = "$(TARGET_NAME)";
				PROVISIONING_PROFILE_SPECIFIER = "";
				SWIFT_EMIT_LOC_STRINGS = YES;
				SWIFT_VERSION = 5.0;
				TARGETED_DEVICE_FAMILY = "1,2";
			};
			name = Release;
		};
		C0FE76F627386D63000E4566 /* Debug */ = {
			isa = XCBuildConfiguration;
			buildSettings = {
				ALWAYS_EMBED_SWIFT_STANDARD_LIBRARIES = YES;
				BUNDLE_LOADER = "$(TEST_HOST)";
				CODE_SIGN_STYLE = Automatic;
				CURRENT_PROJECT_VERSION = 1;
				GENERATE_INFOPLIST_FILE = YES;
				IPHONEOS_DEPLOYMENT_TARGET = 15.0;
				LD_RUNPATH_SEARCH_PATHS = (
					"$(inherited)",
					"@executable_path/Frameworks",
					"@loader_path/Frameworks",
				);
				MARKETING_VERSION = 1.0;
				PRODUCT_BUNDLE_IDENTIFIER = com.SpotsTests;
				PRODUCT_NAME = "$(TARGET_NAME)";
				SWIFT_EMIT_LOC_STRINGS = NO;
				SWIFT_VERSION = 5.0;
				TARGETED_DEVICE_FAMILY = "1,2";
				TEST_HOST = "$(BUILT_PRODUCTS_DIR)/Spots.app/Spots";
			};
			name = Debug;
		};
		C0FE76F727386D63000E4566 /* Release */ = {
			isa = XCBuildConfiguration;
			buildSettings = {
				ALWAYS_EMBED_SWIFT_STANDARD_LIBRARIES = YES;
				BUNDLE_LOADER = "$(TEST_HOST)";
				CODE_SIGN_STYLE = Automatic;
				CURRENT_PROJECT_VERSION = 1;
				GENERATE_INFOPLIST_FILE = YES;
				IPHONEOS_DEPLOYMENT_TARGET = 15.0;
				LD_RUNPATH_SEARCH_PATHS = (
					"$(inherited)",
					"@executable_path/Frameworks",
					"@loader_path/Frameworks",
				);
				MARKETING_VERSION = 1.0;
				PRODUCT_BUNDLE_IDENTIFIER = com.SpotsTests;
				PRODUCT_NAME = "$(TARGET_NAME)";
				SWIFT_EMIT_LOC_STRINGS = NO;
				SWIFT_VERSION = 5.0;
				TARGETED_DEVICE_FAMILY = "1,2";
				TEST_HOST = "$(BUILT_PRODUCTS_DIR)/Spots.app/Spots";
			};
			name = Release;
		};
		C0FE76F927386D63000E4566 /* Debug */ = {
			isa = XCBuildConfiguration;
			buildSettings = {
				ALWAYS_EMBED_SWIFT_STANDARD_LIBRARIES = YES;
				CODE_SIGN_STYLE = Automatic;
				CURRENT_PROJECT_VERSION = 1;
				GENERATE_INFOPLIST_FILE = YES;
				LD_RUNPATH_SEARCH_PATHS = (
					"$(inherited)",
					"@executable_path/Frameworks",
					"@loader_path/Frameworks",
				);
				MARKETING_VERSION = 1.0;
				PRODUCT_BUNDLE_IDENTIFIER = com.SpotsUITests;
				PRODUCT_NAME = "$(TARGET_NAME)";
				SWIFT_EMIT_LOC_STRINGS = NO;
				SWIFT_VERSION = 5.0;
				TARGETED_DEVICE_FAMILY = "1,2";
				TEST_TARGET_NAME = Spots;
			};
			name = Debug;
		};
		C0FE76FA27386D63000E4566 /* Release */ = {
			isa = XCBuildConfiguration;
			buildSettings = {
				ALWAYS_EMBED_SWIFT_STANDARD_LIBRARIES = YES;
				CODE_SIGN_STYLE = Automatic;
				CURRENT_PROJECT_VERSION = 1;
				GENERATE_INFOPLIST_FILE = YES;
				LD_RUNPATH_SEARCH_PATHS = (
					"$(inherited)",
					"@executable_path/Frameworks",
					"@loader_path/Frameworks",
				);
				MARKETING_VERSION = 1.0;
				PRODUCT_BUNDLE_IDENTIFIER = com.SpotsUITests;
				PRODUCT_NAME = "$(TARGET_NAME)";
				SWIFT_EMIT_LOC_STRINGS = NO;
				SWIFT_VERSION = 5.0;
				TARGETED_DEVICE_FAMILY = "1,2";
				TEST_TARGET_NAME = Spots;
			};
			name = Release;
		};
/* End XCBuildConfiguration section */

/* Begin XCConfigurationList section */
		C0FE76C927386D61000E4566 /* Build configuration list for PBXProject "Spots" */ = {
			isa = XCConfigurationList;
			buildConfigurations = (
				C0FE76F027386D63000E4566 /* Debug */,
				C0FE76F127386D63000E4566 /* Release */,
			);
			defaultConfigurationIsVisible = 0;
			defaultConfigurationName = Release;
		};
		C0FE76F227386D63000E4566 /* Build configuration list for PBXNativeTarget "Spots" */ = {
			isa = XCConfigurationList;
			buildConfigurations = (
				C0FE76F327386D63000E4566 /* Debug */,
				C0FE76F427386D63000E4566 /* Release */,
			);
			defaultConfigurationIsVisible = 0;
			defaultConfigurationName = Release;
		};
		C0FE76F527386D63000E4566 /* Build configuration list for PBXNativeTarget "SpotsTests" */ = {
			isa = XCConfigurationList;
			buildConfigurations = (
				C0FE76F627386D63000E4566 /* Debug */,
				C0FE76F727386D63000E4566 /* Release */,
			);
			defaultConfigurationIsVisible = 0;
			defaultConfigurationName = Release;
		};
		C0FE76F827386D63000E4566 /* Build configuration list for PBXNativeTarget "SpotsUITests" */ = {
			isa = XCConfigurationList;
			buildConfigurations = (
				C0FE76F927386D63000E4566 /* Debug */,
				C0FE76FA27386D63000E4566 /* Release */,
			);
			defaultConfigurationIsVisible = 0;
			defaultConfigurationName = Release;
		};
/* End XCConfigurationList section */

/* Begin XCRemoteSwiftPackageReference section */
		C003D3B927391E16009C790F /* XCRemoteSwiftPackageReference "GoogleSignIn-iOS" */ = {
			isa = XCRemoteSwiftPackageReference;
			repositoryURL = "https://github.com/google/GoogleSignIn-iOS";
			requirement = {
				kind = upToNextMajorVersion;
				minimumVersion = 6.0.0;
			};
		};
		C0FE76FD2738CAE3000E4566 /* XCRemoteSwiftPackageReference "firebase-ios-sdk" */ = {
			isa = XCRemoteSwiftPackageReference;
			repositoryURL = "https://github.com/firebase/firebase-ios-sdk.git";
			requirement = {
				kind = upToNextMajorVersion;
				minimumVersion = 8.0.0;
			};
		};
/* End XCRemoteSwiftPackageReference section */

/* Begin XCSwiftPackageProductDependency section */
		C003D3BA27391E16009C790F /* GoogleSignIn */ = {
			isa = XCSwiftPackageProductDependency;
			package = C003D3B927391E16009C790F /* XCRemoteSwiftPackageReference "GoogleSignIn-iOS" */;
			productName = GoogleSignIn;
		};
		C0FE76FE2738CAE3000E4566 /* FirebaseAnalytics */ = {
			isa = XCSwiftPackageProductDependency;
			package = C0FE76FD2738CAE3000E4566 /* XCRemoteSwiftPackageReference "firebase-ios-sdk" */;
			productName = FirebaseAnalytics;
		};
		C0FE77002738CAE3000E4566 /* FirebaseAnalyticsSwift-Beta */ = {
			isa = XCSwiftPackageProductDependency;
			package = C0FE76FD2738CAE3000E4566 /* XCRemoteSwiftPackageReference "firebase-ios-sdk" */;
			productName = "FirebaseAnalyticsSwift-Beta";
		};
		C0FE77022738CAE3000E4566 /* FirebaseAuth */ = {
			isa = XCSwiftPackageProductDependency;
			package = C0FE76FD2738CAE3000E4566 /* XCRemoteSwiftPackageReference "firebase-ios-sdk" */;
			productName = FirebaseAuth;
		};
		C0FE77042738CAE3000E4566 /* FirebaseFirestore */ = {
			isa = XCSwiftPackageProductDependency;
			package = C0FE76FD2738CAE3000E4566 /* XCRemoteSwiftPackageReference "firebase-ios-sdk" */;
			productName = FirebaseFirestore;
		};
		C0FE77062738CAE3000E4566 /* FirebaseFirestoreSwift-Beta */ = {
			isa = XCSwiftPackageProductDependency;
			package = C0FE76FD2738CAE3000E4566 /* XCRemoteSwiftPackageReference "firebase-ios-sdk" */;
			productName = "FirebaseFirestoreSwift-Beta";
		};
		C0FE77082738CAE3000E4566 /* FirebaseFunctions */ = {
			isa = XCSwiftPackageProductDependency;
			package = C0FE76FD2738CAE3000E4566 /* XCRemoteSwiftPackageReference "firebase-ios-sdk" */;
			productName = FirebaseFunctions;
		};
		C0FE770A2738CAE3000E4566 /* FirebaseStorage */ = {
			isa = XCSwiftPackageProductDependency;
			package = C0FE76FD2738CAE3000E4566 /* XCRemoteSwiftPackageReference "firebase-ios-sdk" */;
			productName = FirebaseStorage;
		};
		C0FE770C2738CAE3000E4566 /* FirebaseStorageSwift-Beta */ = {
			isa = XCSwiftPackageProductDependency;
			package = C0FE76FD2738CAE3000E4566 /* XCRemoteSwiftPackageReference "firebase-ios-sdk" */;
			productName = "FirebaseStorageSwift-Beta";
		};
/* End XCSwiftPackageProductDependency section */
	};
	rootObject = C0FE76C627386D61000E4566 /* Project object */;
}
